// !$*UTF8*$!
{
	archiveVersion = 1;
	classes = {
	};
	objectVersion = 48;
	objects = {

/* Begin PBXBuildFile section */
		C818868B1F2111EE003FF786 /* main.m in Sources */ = {isa = PBXBuildFile; fileRef = C818868A1F2111EE003FF786 /* main.m */; };
		C81886941F2111EE003FF786 /* Main.storyboard in Resources */ = {isa = PBXBuildFile; fileRef = C81886921F2111EE003FF786 /* Main.storyboard */; };
		C81886961F2111EE003FF786 /* Assets.xcassets in Resources */ = {isa = PBXBuildFile; fileRef = C81886951F2111EE003FF786 /* Assets.xcassets */; };
		C81886991F2111EE003FF786 /* LaunchScreen.storyboard in Resources */ = {isa = PBXBuildFile; fileRef = C81886971F2111EE003FF786 /* LaunchScreen.storyboard */; };
		C81886B41F2113A6003FF786 /* AppDelegate.m in Sources */ = {isa = PBXBuildFile; fileRef = C81886B01F2113A6003FF786 /* AppDelegate.m */; };
		C81886B51F2113A6003FF786 /* ViewController.m in Sources */ = {isa = PBXBuildFile; fileRef = C81886B31F2113A6003FF786 /* ViewController.m */; };
		C81E85651F230306009C2361 /* ReactiveObjC.framework in Frameworks */ = {isa = PBXBuildFile; fileRef = C81E855F1F230306009C2361 /* ReactiveObjC.framework */; };
		C81E85661F230306009C2361 /* ReactiveObjC.framework in Embed Frameworks */ = {isa = PBXBuildFile; fileRef = C81E855F1F230306009C2361 /* ReactiveObjC.framework */; settings = {ATTRIBUTES = (CodeSignOnCopy, RemoveHeadersOnCopy, ); }; };
		C81E85671F230306009C2361 /* ReactiveObjCBridge.framework in Frameworks */ = {isa = PBXBuildFile; fileRef = C81E85601F230306009C2361 /* ReactiveObjCBridge.framework */; };
		C81E85681F230306009C2361 /* ReactiveObjCBridge.framework in Embed Frameworks */ = {isa = PBXBuildFile; fileRef = C81E85601F230306009C2361 /* ReactiveObjCBridge.framework */; settings = {ATTRIBUTES = (CodeSignOnCopy, RemoveHeadersOnCopy, ); }; };
		C81E85691F230306009C2361 /* ReactiveSwift.framework in Frameworks */ = {isa = PBXBuildFile; fileRef = C81E85611F230306009C2361 /* ReactiveSwift.framework */; };
		C81E856A1F230306009C2361 /* ReactiveSwift.framework in Embed Frameworks */ = {isa = PBXBuildFile; fileRef = C81E85611F230306009C2361 /* ReactiveSwift.framework */; settings = {ATTRIBUTES = (CodeSignOnCopy, RemoveHeadersOnCopy, ); }; };
		C81E856B1F230306009C2361 /* Result.framework in Frameworks */ = {isa = PBXBuildFile; fileRef = C81E85621F230306009C2361 /* Result.framework */; };
		C81E856C1F230306009C2361 /* Result.framework in Embed Frameworks */ = {isa = PBXBuildFile; fileRef = C81E85621F230306009C2361 /* Result.framework */; settings = {ATTRIBUTES = (CodeSignOnCopy, RemoveHeadersOnCopy, ); }; };
		C848C8D61F2321DA003AE54C /* ReactiveObjC.framework in Frameworks */ = {isa = PBXBuildFile; fileRef = C81E855F1F230306009C2361 /* ReactiveObjC.framework */; };
		C848C8D71F2321DA003AE54C /* ReactiveObjCBridge.framework in Frameworks */ = {isa = PBXBuildFile; fileRef = C81E85601F230306009C2361 /* ReactiveObjCBridge.framework */; };
		C848C8D81F2321DA003AE54C /* ReactiveSwift.framework in Frameworks */ = {isa = PBXBuildFile; fileRef = C81E85611F230306009C2361 /* ReactiveSwift.framework */; };
		C848C8D91F2321DA003AE54C /* Result.framework in Frameworks */ = {isa = PBXBuildFile; fileRef = C81E85621F230306009C2361 /* Result.framework */; };
		C848C8DC1F232A17003AE54C /* ViewModel.m in Sources */ = {isa = PBXBuildFile; fileRef = C848C8DB1F232A17003AE54C /* ViewModel.m */; };
		C848C8DE1F235CC6003AE54C /* ViewModel_Tests.m in Sources */ = {isa = PBXBuildFile; fileRef = C848C8DD1F235CC6003AE54C /* ViewModel_Tests.m */; };
		C848C8E31F235DAD003AE54C /* CEATestHelper.m in Sources */ = {isa = PBXBuildFile; fileRef = C848C8E21F235DAD003AE54C /* CEATestHelper.m */; };
		C84EAA541F21C14100C3315C /* exchange_rates_1.xml in Resources */ = {isa = PBXBuildFile; fileRef = C84EAA531F21C12A00C3315C /* exchange_rates_1.xml */; };
		C862429B1F21F75200C8EE2C /* CEACurrexRatesParserDelegate.m in Sources */ = {isa = PBXBuildFile; fileRef = C862429A1F21F75200C8EE2C /* CEACurrexRatesParserDelegate.m */; };
		C8D6C0DF1F21B0900023ADA0 /* CEANetwork.m in Sources */ = {isa = PBXBuildFile; fileRef = C8D6C0DE1F21B0900023ADA0 /* CEANetwork.m */; };
		C8D6C0E21F21B2B60023ADA0 /* CEACurrexAPI.m in Sources */ = {isa = PBXBuildFile; fileRef = C8D6C0E11F21B2B60023ADA0 /* CEACurrexAPI.m */; };
		C8D6C0E61F21B48D0023ADA0 /* CEACurrexRates.m in Sources */ = {isa = PBXBuildFile; fileRef = C8D6C0E51F21B48D0023ADA0 /* CEACurrexRates.m */; };
		C8D6C0E81F21B5C20023ADA0 /* CEACurrexAPI_Tests.m in Sources */ = {isa = PBXBuildFile; fileRef = C8D6C0E71F21B5C20023ADA0 /* CEACurrexAPI_Tests.m */; };
/* End PBXBuildFile section */

/* Begin PBXContainerItemProxy section */
		C81886A01F2111EE003FF786 /* PBXContainerItemProxy */ = {
			isa = PBXContainerItemProxy;
			containerPortal = C818867E1F2111EE003FF786 /* Project object */;
			proxyType = 1;
			remoteGlobalIDString = C81886851F2111EE003FF786;
			remoteInfo = CurrexApp;
		};
/* End PBXContainerItemProxy section */

/* Begin PBXCopyFilesBuildPhase section */
		C81E856D1F230306009C2361 /* Embed Frameworks */ = {
			isa = PBXCopyFilesBuildPhase;
			buildActionMask = 2147483647;
			dstPath = "";
			dstSubfolderSpec = 10;
			files = (
				C81E85681F230306009C2361 /* ReactiveObjCBridge.framework in Embed Frameworks */,
				C81E856C1F230306009C2361 /* Result.framework in Embed Frameworks */,
				C81E85661F230306009C2361 /* ReactiveObjC.framework in Embed Frameworks */,
				C81E856A1F230306009C2361 /* ReactiveSwift.framework in Embed Frameworks */,
			);
			name = "Embed Frameworks";
			runOnlyForDeploymentPostprocessing = 0;
		};
/* End PBXCopyFilesBuildPhase section */

/* Begin PBXFileReference section */
		C81886861F2111EE003FF786 /* CurrexApp.app */ = {isa = PBXFileReference; explicitFileType = wrapper.application; includeInIndex = 0; path = CurrexApp.app; sourceTree = BUILT_PRODUCTS_DIR; };
		C818868A1F2111EE003FF786 /* main.m */ = {isa = PBXFileReference; lastKnownFileType = sourcecode.c.objc; path = main.m; sourceTree = "<group>"; };
		C81886931F2111EE003FF786 /* Base */ = {isa = PBXFileReference; lastKnownFileType = file.storyboard; name = Base; path = Base.lproj/Main.storyboard; sourceTree = "<group>"; };
		C81886951F2111EE003FF786 /* Assets.xcassets */ = {isa = PBXFileReference; lastKnownFileType = folder.assetcatalog; path = Assets.xcassets; sourceTree = "<group>"; };
		C81886981F2111EE003FF786 /* Base */ = {isa = PBXFileReference; lastKnownFileType = file.storyboard; name = Base; path = Base.lproj/LaunchScreen.storyboard; sourceTree = "<group>"; };
		C818869A1F2111EE003FF786 /* Info.plist */ = {isa = PBXFileReference; lastKnownFileType = text.plist.xml; path = Info.plist; sourceTree = "<group>"; };
		C818869F1F2111EE003FF786 /* CurrexAppTests.xctest */ = {isa = PBXFileReference; explicitFileType = wrapper.cfbundle; includeInIndex = 0; path = CurrexAppTests.xctest; sourceTree = BUILT_PRODUCTS_DIR; };
		C81886A51F2111EE003FF786 /* Info.plist */ = {isa = PBXFileReference; lastKnownFileType = text.plist.xml; path = Info.plist; sourceTree = "<group>"; };
		C81886AF1F2113A6003FF786 /* AppDelegate.h */ = {isa = PBXFileReference; fileEncoding = 4; lastKnownFileType = sourcecode.c.h; path = AppDelegate.h; sourceTree = "<group>"; };
		C81886B01F2113A6003FF786 /* AppDelegate.m */ = {isa = PBXFileReference; fileEncoding = 4; lastKnownFileType = sourcecode.c.objc; path = AppDelegate.m; sourceTree = "<group>"; };
		C81886B21F2113A6003FF786 /* ViewController.h */ = {isa = PBXFileReference; fileEncoding = 4; lastKnownFileType = sourcecode.c.h; path = ViewController.h; sourceTree = "<group>"; };
		C81886B31F2113A6003FF786 /* ViewController.m */ = {isa = PBXFileReference; fileEncoding = 4; lastKnownFileType = sourcecode.c.objc; path = ViewController.m; sourceTree = "<group>"; };
		C81E855F1F230306009C2361 /* ReactiveObjC.framework */ = {isa = PBXFileReference; lastKnownFileType = wrapper.framework; name = ReactiveObjC.framework; path = Carthage/Build/iOS/ReactiveObjC.framework; sourceTree = "<group>"; };
		C81E85601F230306009C2361 /* ReactiveObjCBridge.framework */ = {isa = PBXFileReference; lastKnownFileType = wrapper.framework; name = ReactiveObjCBridge.framework; path = Carthage/Build/iOS/ReactiveObjCBridge.framework; sourceTree = "<group>"; };
		C81E85611F230306009C2361 /* ReactiveSwift.framework */ = {isa = PBXFileReference; lastKnownFileType = wrapper.framework; name = ReactiveSwift.framework; path = Carthage/Build/iOS/ReactiveSwift.framework; sourceTree = "<group>"; };
		C81E85621F230306009C2361 /* Result.framework */ = {isa = PBXFileReference; lastKnownFileType = wrapper.framework; name = Result.framework; path = Carthage/Build/iOS/Result.framework; sourceTree = "<group>"; };
		C848C8DA1F232A17003AE54C /* ViewModel.h */ = {isa = PBXFileReference; fileEncoding = 4; lastKnownFileType = sourcecode.c.h; path = ViewModel.h; sourceTree = "<group>"; };
		C848C8DB1F232A17003AE54C /* ViewModel.m */ = {isa = PBXFileReference; fileEncoding = 4; lastKnownFileType = sourcecode.c.objc; path = ViewModel.m; sourceTree = "<group>"; };
		C848C8DD1F235CC6003AE54C /* ViewModel_Tests.m */ = {isa = PBXFileReference; fileEncoding = 4; lastKnownFileType = sourcecode.c.objc; path = ViewModel_Tests.m; sourceTree = "<group>"; };
		C848C8E11F235DAD003AE54C /* CEATestHelper.h */ = {isa = PBXFileReference; fileEncoding = 4; lastKnownFileType = sourcecode.c.h; path = CEATestHelper.h; sourceTree = "<group>"; };
		C848C8E21F235DAD003AE54C /* CEATestHelper.m */ = {isa = PBXFileReference; fileEncoding = 4; lastKnownFileType = sourcecode.c.objc; path = CEATestHelper.m; sourceTree = "<group>"; };
		C84EAA531F21C12A00C3315C /* exchange_rates_1.xml */ = {isa = PBXFileReference; fileEncoding = 4; lastKnownFileType = text.xml; path = exchange_rates_1.xml; sourceTree = "<group>"; };
		C86242991F21F75200C8EE2C /* CEACurrexRatesParserDelegate.h */ = {isa = PBXFileReference; lastKnownFileType = sourcecode.c.h; path = CEACurrexRatesParserDelegate.h; sourceTree = "<group>"; };
		C862429A1F21F75200C8EE2C /* CEACurrexRatesParserDelegate.m */ = {isa = PBXFileReference; lastKnownFileType = sourcecode.c.objc; path = CEACurrexRatesParserDelegate.m; sourceTree = "<group>"; };
		C8D6C0DD1F21B0900023ADA0 /* CEANetwork.h */ = {isa = PBXFileReference; lastKnownFileType = sourcecode.c.h; path = CEANetwork.h; sourceTree = "<group>"; };
		C8D6C0DE1F21B0900023ADA0 /* CEANetwork.m */ = {isa = PBXFileReference; lastKnownFileType = sourcecode.c.objc; path = CEANetwork.m; sourceTree = "<group>"; };
		C8D6C0E01F21B2B60023ADA0 /* CEACurrexAPI.h */ = {isa = PBXFileReference; lastKnownFileType = sourcecode.c.h; path = CEACurrexAPI.h; sourceTree = "<group>"; };
		C8D6C0E11F21B2B60023ADA0 /* CEACurrexAPI.m */ = {isa = PBXFileReference; lastKnownFileType = sourcecode.c.objc; path = CEACurrexAPI.m; sourceTree = "<group>"; };
		C8D6C0E41F21B48D0023ADA0 /* CEACurrexRates.h */ = {isa = PBXFileReference; lastKnownFileType = sourcecode.c.h; path = CEACurrexRates.h; sourceTree = "<group>"; };
		C8D6C0E51F21B48D0023ADA0 /* CEACurrexRates.m */ = {isa = PBXFileReference; lastKnownFileType = sourcecode.c.objc; path = CEACurrexRates.m; sourceTree = "<group>"; };
		C8D6C0E71F21B5C20023ADA0 /* CEACurrexAPI_Tests.m */ = {isa = PBXFileReference; lastKnownFileType = sourcecode.c.objc; path = CEACurrexAPI_Tests.m; sourceTree = "<group>"; };
/* End PBXFileReference section */

/* Begin PBXFrameworksBuildPhase section */
		C81886831F2111EE003FF786 /* Frameworks */ = {
			isa = PBXFrameworksBuildPhase;
			buildActionMask = 2147483647;
			files = (
				C81E85671F230306009C2361 /* ReactiveObjCBridge.framework in Frameworks */,
				C81E856B1F230306009C2361 /* Result.framework in Frameworks */,
				C81E85651F230306009C2361 /* ReactiveObjC.framework in Frameworks */,
				C81E85691F230306009C2361 /* ReactiveSwift.framework in Frameworks */,
			);
			runOnlyForDeploymentPostprocessing = 0;
		};
		C818869C1F2111EE003FF786 /* Frameworks */ = {
			isa = PBXFrameworksBuildPhase;
			buildActionMask = 2147483647;
			files = (
				C848C8D61F2321DA003AE54C /* ReactiveObjC.framework in Frameworks */,
				C848C8D71F2321DA003AE54C /* ReactiveObjCBridge.framework in Frameworks */,
				C848C8D81F2321DA003AE54C /* ReactiveSwift.framework in Frameworks */,
				C848C8D91F2321DA003AE54C /* Result.framework in Frameworks */,
			);
			runOnlyForDeploymentPostprocessing = 0;
		};
/* End PBXFrameworksBuildPhase section */

/* Begin PBXGroup section */
		C818867D1F2111EE003FF786 = {
			isa = PBXGroup;
			children = (
				C81886881F2111EE003FF786 /* CurrexApp */,
				C81886A21F2111EE003FF786 /* CurrexAppTests */,
				C81886871F2111EE003FF786 /* Products */,
			);
			sourceTree = "<group>";
		};
		C81886871F2111EE003FF786 /* Products */ = {
			isa = PBXGroup;
			children = (
				C81886861F2111EE003FF786 /* CurrexApp.app */,
				C818869F1F2111EE003FF786 /* CurrexAppTests.xctest */,
			);
			name = Products;
			sourceTree = "<group>";
		};
		C81886881F2111EE003FF786 /* CurrexApp */ = {
			isa = PBXGroup;
			children = (
				C81886AE1F211357003FF786 /* Sources */,
				C81886921F2111EE003FF786 /* Main.storyboard */,
				C81886951F2111EE003FF786 /* Assets.xcassets */,
				C81886971F2111EE003FF786 /* LaunchScreen.storyboard */,
				C818869A1F2111EE003FF786 /* Info.plist */,
				C81E856E1F23030E009C2361 /* Frameworks */,
				C81886891F2111EE003FF786 /* Supporting Files */,
			);
			path = CurrexApp;
			sourceTree = "<group>";
		};
		C81886891F2111EE003FF786 /* Supporting Files */ = {
			isa = PBXGroup;
			children = (
				C818868A1F2111EE003FF786 /* main.m */,
			);
			name = "Supporting Files";
			sourceTree = "<group>";
		};
		C81886A21F2111EE003FF786 /* CurrexAppTests */ = {
			isa = PBXGroup;
			children = (
				C84EAA521F21C12A00C3315C /* Test Data */,
				C81886A51F2111EE003FF786 /* Info.plist */,
				C8D6C0E71F21B5C20023ADA0 /* CEACurrexAPI_Tests.m */,
				C848C8DD1F235CC6003AE54C /* ViewModel_Tests.m */,
				C848C8E11F235DAD003AE54C /* CEATestHelper.h */,
				C848C8E21F235DAD003AE54C /* CEATestHelper.m */,
			);
			path = CurrexAppTests;
			sourceTree = "<group>";
		};
		C81886AE1F211357003FF786 /* Sources */ = {
			isa = PBXGroup;
			children = (
				C8D6C0E31F21B46C0023ADA0 /* Model */,
				C81886B11F2113A6003FF786 /* View Controllers */,
				C8D6C0DC1F21B0530023ADA0 /* Service */,
				C81886AF1F2113A6003FF786 /* AppDelegate.h */,
				C81886B01F2113A6003FF786 /* AppDelegate.m */,
			);
			path = Sources;
			sourceTree = "<group>";
		};
		C81886B11F2113A6003FF786 /* View Controllers */ = {
			isa = PBXGroup;
			children = (
				C81886B21F2113A6003FF786 /* ViewController.h */,
				C81886B31F2113A6003FF786 /* ViewController.m */,
				C848C8DA1F232A17003AE54C /* ViewModel.h */,
				C848C8DB1F232A17003AE54C /* ViewModel.m */,
			);
			path = "View Controllers";
			sourceTree = "<group>";
		};
		C81E856E1F23030E009C2361 /* Frameworks */ = {
			isa = PBXGroup;
			children = (
				C81E855F1F230306009C2361 /* ReactiveObjC.framework */,
				C81E85601F230306009C2361 /* ReactiveObjCBridge.framework */,
				C81E85611F230306009C2361 /* ReactiveSwift.framework */,
				C81E85621F230306009C2361 /* Result.framework */,
			);
			name = Frameworks;
			path = ..;
			sourceTree = "<group>";
		};
		C84EAA521F21C12A00C3315C /* Test Data */ = {
			isa = PBXGroup;
			children = (
				C84EAA531F21C12A00C3315C /* exchange_rates_1.xml */,
			);
			path = "Test Data";
			sourceTree = "<group>";
		};
		C8D6C0DC1F21B0530023ADA0 /* Service */ = {
			isa = PBXGroup;
			children = (
				C8D6C0E01F21B2B60023ADA0 /* CEACurrexAPI.h */,
				C8D6C0E11F21B2B60023ADA0 /* CEACurrexAPI.m */,
				C86242991F21F75200C8EE2C /* CEACurrexRatesParserDelegate.h */,
				C862429A1F21F75200C8EE2C /* CEACurrexRatesParserDelegate.m */,
				C8D6C0DD1F21B0900023ADA0 /* CEANetwork.h */,
				C8D6C0DE1F21B0900023ADA0 /* CEANetwork.m */,
			);
			path = Service;
			sourceTree = "<group>";
		};
		C8D6C0E31F21B46C0023ADA0 /* Model */ = {
			isa = PBXGroup;
			children = (
				C8D6C0E41F21B48D0023ADA0 /* CEACurrexRates.h */,
				C8D6C0E51F21B48D0023ADA0 /* CEACurrexRates.m */,
			);
			path = Model;
			sourceTree = "<group>";
		};
/* End PBXGroup section */

/* Begin PBXNativeTarget section */
		C81886851F2111EE003FF786 /* CurrexApp */ = {
			isa = PBXNativeTarget;
			buildConfigurationList = C81886A81F2111EE003FF786 /* Build configuration list for PBXNativeTarget "CurrexApp" */;
			buildPhases = (
				C81886821F2111EE003FF786 /* Sources */,
				C81886831F2111EE003FF786 /* Frameworks */,
				C81886841F2111EE003FF786 /* Resources */,
				C81E856D1F230306009C2361 /* Embed Frameworks */,
			);
			buildRules = (
			);
			dependencies = (
			);
			name = CurrexApp;
			productName = CurrexApp;
			productReference = C81886861F2111EE003FF786 /* CurrexApp.app */;
			productType = "com.apple.product-type.application";
		};
		C818869E1F2111EE003FF786 /* CurrexAppTests */ = {
			isa = PBXNativeTarget;
			buildConfigurationList = C81886AB1F2111EE003FF786 /* Build configuration list for PBXNativeTarget "CurrexAppTests" */;
			buildPhases = (
				C818869B1F2111EE003FF786 /* Sources */,
				C818869C1F2111EE003FF786 /* Frameworks */,
				C818869D1F2111EE003FF786 /* Resources */,
			);
			buildRules = (
			);
			dependencies = (
				C81886A11F2111EE003FF786 /* PBXTargetDependency */,
			);
			name = CurrexAppTests;
			productName = CurrexAppTests;
			productReference = C818869F1F2111EE003FF786 /* CurrexAppTests.xctest */;
			productType = "com.apple.product-type.bundle.unit-test";
		};
/* End PBXNativeTarget section */

/* Begin PBXProject section */
		C818867E1F2111EE003FF786 /* Project object */ = {
			isa = PBXProject;
			attributes = {
				CLASSPREFIX = CEA;
				LastUpgradeCheck = 0830;
				ORGANIZATIONNAME = PaKaz.net;
				TargetAttributes = {
					C81886851F2111EE003FF786 = {
						CreatedOnToolsVersion = 8.3.2;
						ProvisioningStyle = Automatic;
					};
					C818869E1F2111EE003FF786 = {
						CreatedOnToolsVersion = 8.3.2;
						ProvisioningStyle = Automatic;
						TestTargetID = C81886851F2111EE003FF786;
					};
				};
			};
			buildConfigurationList = C81886811F2111EE003FF786 /* Build configuration list for PBXProject "CurrexApp" */;
			compatibilityVersion = "Xcode 8.0";
			developmentRegion = English;
			hasScannedForEncodings = 0;
			knownRegions = (
				en,
				Base,
			);
			mainGroup = C818867D1F2111EE003FF786;
			productRefGroup = C81886871F2111EE003FF786 /* Products */;
			projectDirPath = "";
			projectRoot = "";
			targets = (
				C81886851F2111EE003FF786 /* CurrexApp */,
				C818869E1F2111EE003FF786 /* CurrexAppTests */,
			);
		};
/* End PBXProject section */

/* Begin PBXResourcesBuildPhase section */
		C81886841F2111EE003FF786 /* Resources */ = {
			isa = PBXResourcesBuildPhase;
			buildActionMask = 2147483647;
			files = (
				C81886991F2111EE003FF786 /* LaunchScreen.storyboard in Resources */,
				C81886961F2111EE003FF786 /* Assets.xcassets in Resources */,
				C81886941F2111EE003FF786 /* Main.storyboard in Resources */,
			);
			runOnlyForDeploymentPostprocessing = 0;
		};
		C818869D1F2111EE003FF786 /* Resources */ = {
			isa = PBXResourcesBuildPhase;
			buildActionMask = 2147483647;
			files = (
				C84EAA541F21C14100C3315C /* exchange_rates_1.xml in Resources */,
			);
			runOnlyForDeploymentPostprocessing = 0;
		};
/* End PBXResourcesBuildPhase section */

/* Begin PBXSourcesBuildPhase section */
		C81886821F2111EE003FF786 /* Sources */ = {
			isa = PBXSourcesBuildPhase;
			buildActionMask = 2147483647;
			files = (
				C81886B51F2113A6003FF786 /* ViewController.m in Sources */,
				C81886B41F2113A6003FF786 /* AppDelegate.m in Sources */,
				C848C8DC1F232A17003AE54C /* ViewModel.m in Sources */,
				C8D6C0DF1F21B0900023ADA0 /* CEANetwork.m in Sources */,
				C818868B1F2111EE003FF786 /* main.m in Sources */,
				C862429B1F21F75200C8EE2C /* CEACurrexRatesParserDelegate.m in Sources */,
				C8D6C0E21F21B2B60023ADA0 /* CEACurrexAPI.m in Sources */,
				C8D6C0E61F21B48D0023ADA0 /* CEACurrexRates.m in Sources */,
			);
			runOnlyForDeploymentPostprocessing = 0;
		};
		C818869B1F2111EE003FF786 /* Sources */ = {
			isa = PBXSourcesBuildPhase;
			buildActionMask = 2147483647;
			files = (
				C848C8E31F235DAD003AE54C /* CEATestHelper.m in Sources */,
				C848C8DE1F235CC6003AE54C /* ViewModel_Tests.m in Sources */,
				C8D6C0E81F21B5C20023ADA0 /* CEACurrexAPI_Tests.m in Sources */,
			);
			runOnlyForDeploymentPostprocessing = 0;
		};
/* End PBXSourcesBuildPhase section */

/* Begin PBXTargetDependency section */
		C81886A11F2111EE003FF786 /* PBXTargetDependency */ = {
			isa = PBXTargetDependency;
			target = C81886851F2111EE003FF786 /* CurrexApp */;
			targetProxy = C81886A01F2111EE003FF786 /* PBXContainerItemProxy */;
		};
/* End PBXTargetDependency section */

/* Begin PBXVariantGroup section */
		C81886921F2111EE003FF786 /* Main.storyboard */ = {
			isa = PBXVariantGroup;
			children = (
				C81886931F2111EE003FF786 /* Base */,
			);
			name = Main.storyboard;
			sourceTree = "<group>";
		};
		C81886971F2111EE003FF786 /* LaunchScreen.storyboard */ = {
			isa = PBXVariantGroup;
			children = (
				C81886981F2111EE003FF786 /* Base */,
			);
			name = LaunchScreen.storyboard;
			sourceTree = "<group>";
		};
/* End PBXVariantGroup section */

/* Begin XCBuildConfiguration section */
		C81886A61F2111EE003FF786 /* Debug */ = {
			isa = XCBuildConfiguration;
			buildSettings = {
				ALWAYS_EMBED_SWIFT_STANDARD_LIBRARIES = YES;
				ALWAYS_SEARCH_USER_PATHS = NO;
				CLANG_ANALYZER_NONNULL = YES;
				CLANG_ANALYZER_NUMBER_OBJECT_CONVERSION = YES_AGGRESSIVE;
				CLANG_CXX_LANGUAGE_STANDARD = "gnu++0x";
				CLANG_CXX_LIBRARY = "libc++";
				CLANG_ENABLE_MODULES = YES;
				CLANG_ENABLE_OBJC_ARC = YES;
				CLANG_WARN_BOOL_CONVERSION = YES;
				CLANG_WARN_CONSTANT_CONVERSION = YES;
				CLANG_WARN_DIRECT_OBJC_ISA_USAGE = YES_ERROR;
				CLANG_WARN_DOCUMENTATION_COMMENTS = YES;
				CLANG_WARN_EMPTY_BODY = YES;
				CLANG_WARN_ENUM_CONVERSION = YES;
				CLANG_WARN_INFINITE_RECURSION = YES;
				CLANG_WARN_INT_CONVERSION = YES;
				CLANG_WARN_OBJC_ROOT_CLASS = YES_ERROR;
				CLANG_WARN_SUSPICIOUS_MOVE = YES;
				CLANG_WARN_UNREACHABLE_CODE = YES;
				CLANG_WARN__DUPLICATE_METHOD_MATCH = YES;
				"CODE_SIGN_IDENTITY[sdk=iphoneos*]" = "iPhone Developer";
				COPY_PHASE_STRIP = NO;
				DEBUG_INFORMATION_FORMAT = dwarf;
				ENABLE_STRICT_OBJC_MSGSEND = YES;
				ENABLE_TESTABILITY = YES;
				GCC_C_LANGUAGE_STANDARD = gnu99;
				GCC_DYNAMIC_NO_PIC = NO;
				GCC_NO_COMMON_BLOCKS = YES;
				GCC_OPTIMIZATION_LEVEL = 0;
				GCC_PREPROCESSOR_DEFINITIONS = (
					"DEBUG=1",
					"$(inherited)",
				);
				GCC_WARN_64_TO_32_BIT_CONVERSION = YES;
				GCC_WARN_ABOUT_RETURN_TYPE = YES_ERROR;
				GCC_WARN_UNDECLARED_SELECTOR = YES;
				GCC_WARN_UNINITIALIZED_AUTOS = YES_AGGRESSIVE;
				GCC_WARN_UNUSED_FUNCTION = YES;
				GCC_WARN_UNUSED_VARIABLE = YES;
				IPHONEOS_DEPLOYMENT_TARGET = 10.0;
				MTL_ENABLE_DEBUG_INFO = YES;
				ONLY_ACTIVE_ARCH = YES;
				SDKROOT = iphoneos;
			};
			name = Debug;
		};
		C81886A71F2111EE003FF786 /* Release */ = {
			isa = XCBuildConfiguration;
			buildSettings = {
				ALWAYS_EMBED_SWIFT_STANDARD_LIBRARIES = YES;
				ALWAYS_SEARCH_USER_PATHS = NO;
				CLANG_ANALYZER_NONNULL = YES;
				CLANG_ANALYZER_NUMBER_OBJECT_CONVERSION = YES_AGGRESSIVE;
				CLANG_CXX_LANGUAGE_STANDARD = "gnu++0x";
				CLANG_CXX_LIBRARY = "libc++";
				CLANG_ENABLE_MODULES = YES;
				CLANG_ENABLE_OBJC_ARC = YES;
				CLANG_WARN_BOOL_CONVERSION = YES;
				CLANG_WARN_CONSTANT_CONVERSION = YES;
				CLANG_WARN_DIRECT_OBJC_ISA_USAGE = YES_ERROR;
				CLANG_WARN_DOCUMENTATION_COMMENTS = YES;
				CLANG_WARN_EMPTY_BODY = YES;
				CLANG_WARN_ENUM_CONVERSION = YES;
				CLANG_WARN_INFINITE_RECURSION = YES;
				CLANG_WARN_INT_CONVERSION = YES;
				CLANG_WARN_OBJC_ROOT_CLASS = YES_ERROR;
				CLANG_WARN_SUSPICIOUS_MOVE = YES;
				CLANG_WARN_UNREACHABLE_CODE = YES;
				CLANG_WARN__DUPLICATE_METHOD_MATCH = YES;
				"CODE_SIGN_IDENTITY[sdk=iphoneos*]" = "iPhone Developer";
				COPY_PHASE_STRIP = NO;
				DEBUG_INFORMATION_FORMAT = "dwarf-with-dsym";
				ENABLE_NS_ASSERTIONS = NO;
				ENABLE_STRICT_OBJC_MSGSEND = YES;
				GCC_C_LANGUAGE_STANDARD = gnu99;
				GCC_NO_COMMON_BLOCKS = YES;
				GCC_WARN_64_TO_32_BIT_CONVERSION = YES;
				GCC_WARN_ABOUT_RETURN_TYPE = YES_ERROR;
				GCC_WARN_UNDECLARED_SELECTOR = YES;
				GCC_WARN_UNINITIALIZED_AUTOS = YES_AGGRESSIVE;
				GCC_WARN_UNUSED_FUNCTION = YES;
				GCC_WARN_UNUSED_VARIABLE = YES;
				IPHONEOS_DEPLOYMENT_TARGET = 10.0;
				MTL_ENABLE_DEBUG_INFO = NO;
				SDKROOT = iphoneos;
				VALIDATE_PRODUCT = YES;
			};
			name = Release;
		};
		C81886A91F2111EE003FF786 /* Debug */ = {
			isa = XCBuildConfiguration;
			buildSettings = {
				ASSETCATALOG_COMPILER_APPICON_NAME = AppIcon;
				FRAMEWORK_SEARCH_PATHS = (
					"$(inherited)",
					"$(PROJECT_DIR)/Carthage/Build/iOS",
				);
				INFOPLIST_FILE = CurrexApp/Info.plist;
				LD_RUNPATH_SEARCH_PATHS = "$(inherited) @executable_path/Frameworks";
				PRODUCT_BUNDLE_IDENTIFIER = net.pakaz.CurrexApp;
				PRODUCT_NAME = "$(TARGET_NAME)";
			};
			name = Debug;
		};
		C81886AA1F2111EE003FF786 /* Release */ = {
			isa = XCBuildConfiguration;
			buildSettings = {
				ASSETCATALOG_COMPILER_APPICON_NAME = AppIcon;
				FRAMEWORK_SEARCH_PATHS = (
					"$(inherited)",
					"$(PROJECT_DIR)/Carthage/Build/iOS",
				);
				INFOPLIST_FILE = CurrexApp/Info.plist;
				LD_RUNPATH_SEARCH_PATHS = "$(inherited) @executable_path/Frameworks";
				PRODUCT_BUNDLE_IDENTIFIER = net.pakaz.CurrexApp;
				PRODUCT_NAME = "$(TARGET_NAME)";
			};
			name = Release;
		};
		C81886AC1F2111EE003FF786 /* Debug */ = {
			isa = XCBuildConfiguration;
			buildSettings = {
				BUNDLE_LOADER = "$(TEST_HOST)";
				FRAMEWORK_SEARCH_PATHS = (
					"$(inherited)",
					"$(PROJECT_DIR)/Carthage/Build/iOS",
				);
				INFOPLIST_FILE = CurrexAppTests/Info.plist;
				LD_RUNPATH_SEARCH_PATHS = "$(inherited) @executable_path/Frameworks @loader_path/Frameworks $(PROJECT_DIR)/Carthage/Build/iOS";
				PRODUCT_BUNDLE_IDENTIFIER = net.pakaz.CurrexAppTests;
				PRODUCT_NAME = "$(TARGET_NAME)";
				TEST_HOST = "$(BUILT_PRODUCTS_DIR)/CurrexApp.app/CurrexApp";
			};
			name = Debug;
		};
		C81886AD1F2111EE003FF786 /* Release */ = {
			isa = XCBuildConfiguration;
			buildSettings = {
				BUNDLE_LOADER = "$(TEST_HOST)";
				FRAMEWORK_SEARCH_PATHS = (
					"$(inherited)",
					"$(PROJECT_DIR)/Carthage/Build/iOS",
				);
				INFOPLIST_FILE = CurrexAppTests/Info.plist;
				LD_RUNPATH_SEARCH_PATHS = "$(inherited) @executable_path/Frameworks @loader_path/Frameworks $(PROJECT_DIR)/Carthage/Build/iOS";
				PRODUCT_BUNDLE_IDENTIFIER = net.pakaz.CurrexAppTests;
				PRODUCT_NAME = "$(TARGET_NAME)";
				TEST_HOST = "$(BUILT_PRODUCTS_DIR)/CurrexApp.app/CurrexApp";
			};
			name = Release;
		};
/* End XCBuildConfiguration section */

/* Begin XCConfigurationList section */
		C81886811F2111EE003FF786 /* Build configuration list for PBXProject "CurrexApp" */ = {
			isa = XCConfigurationList;
			buildConfigurations = (
				C81886A61F2111EE003FF786 /* Debug */,
				C81886A71F2111EE003FF786 /* Release */,
			);
			defaultConfigurationIsVisible = 0;
			defaultConfigurationName = Release;
		};
		C81886A81F2111EE003FF786 /* Build configuration list for PBXNativeTarget "CurrexApp" */ = {
			isa = XCConfigurationList;
			buildConfigurations = (
				C81886A91F2111EE003FF786 /* Debug */,
				C81886AA1F2111EE003FF786 /* Release */,
			);
			defaultConfigurationIsVisible = 0;
			defaultConfigurationName = Release;
		};
		C81886AB1F2111EE003FF786 /* Build configuration list for PBXNativeTarget "CurrexAppTests" */ = {
			isa = XCConfigurationList;
			buildConfigurations = (
				C81886AC1F2111EE003FF786 /* Debug */,
				C81886AD1F2111EE003FF786 /* Release */,
			);
			defaultConfigurationIsVisible = 0;
			defaultConfigurationName = Release;
		};
/* End XCConfigurationList section */
	};
	rootObject = C818867E1F2111EE003FF786 /* Project object */;
}
